<?xml version="1.0" encoding="utf-8"?>
<!-- Copyright (c) 2015-2019 LunarG, Inc. -->
<Project ToolsVersion="4.0" xmlns="http://schemas.microsoft.com/developer/msbuild/2003">
  <ItemGroup>
    <Filter Include="System">
      <UniqueIdentifier>{f5f7cecf-647b-4cfc-9c3a-17e06d1ebfe9}</UniqueIdentifier>
    </Filter>
    <Filter Include="Component">
      <UniqueIdentifier>{f8e90f66-3dcb-405c-b5c7-518b1d2be167}</UniqueIdentifier>
    </Filter>
    <Filter Include="Manager">
      <UniqueIdentifier>{79ecec63-9006-4266-844b-7ec3b1cb3240}</UniqueIdentifier>
    </Filter>
    <Filter Include="System\Singletons">
      <UniqueIdentifier>{ecdf0c61-29e8-4cce-84e5-b004fd69898d}</UniqueIdentifier>
    </Filter>
    <Filter Include="System\Singletons\Dominatior">
      <UniqueIdentifier>{30728b43-ec81-4031-8920-682937f38f71}</UniqueIdentifier>
    </Filter>
  </ItemGroup>
  <ItemGroup>
    <ClCompile Include="main.cpp">
      <Filter>System</Filter>
    </ClCompile>
    <ClCompile Include="Vulkan.cxx">
      <Filter>System</Filter>
    </ClCompile>
    <ClCompile Include="SingletonsMng.cxx">
      <Filter>System\Singletons\Dominatior</Filter>
    </ClCompile>
    <ClCompile Include="Supervision.cxx">
      <Filter>System\Singletons\Dominatior</Filter>
    </ClCompile>
    <ClCompile Include="SDLApp.cxx">
      <Filter>System</Filter>
    </ClCompile>
    <ClCompile Include="DebugClass.cxx">
      <Filter>System</Filter>
    </ClCompile>
  </ItemGroup>
  <ItemGroup>
    <ClInclude Include="Vulkan.hxx">
      <Filter>System</Filter>
    </ClInclude>
    <ClInclude Include="main.h">
      <Filter>System</Filter>
    </ClInclude>
    <ClInclude Include="SingletonsMng.hxx">
      <Filter>System\Singletons\Dominatior</Filter>
    </ClInclude>
    <ClInclude Include="SDLApp.hxx">
      <Filter>System</Filter>
    </ClInclude>
    <ClInclude Include="DebugClass.hxx">
      <Filter>System</Filter>
    </ClInclude>
  </ItemGroup>
</Project>